
Microsoft Visual Studio Solution File, Format Version 12.00
# Visual Studio Version 17
VisualStudioVersion = 17.1.32228.430
MinimumVisualStudioVersion = 10.0.40219.1
Project("{FAE04EC0-301F-11D3-BF4B-00C04F79EFBC}") = "cw8", "cw8.csproj", "{07E3196E-A46E-4B51-BD27-234C58B50EA7}"
EndProject
Global
	GlobalSection(SolutionConfigurationPlatforms) = preSolution
		Debug|Any CPU = Debug|Any CPU
		Release|Any CPU = Release|Any CPU
	EndGlobalSection
	GlobalSection(ProjectConfigurationPlatforms) = postSolution
		{07E3196E-A46E-4B51-BD27-234C58B50EA7}.Debug|Any CPU.ActiveCfg = Debug|Any CPU
		{07E3196E-A46E-4B51-BD27-234C58B50EA7}.Debug|Any CPU.Build.0 = Debug|Any CPU
		{07E3196E-A46E-4B51-BD27-234C58B50EA7}.Release|Any CPU.ActiveCfg = Release|Any CPU
		{07E3196E-A46E-4B51-BD27-234C58B50EA7}.Release|Any CPU.Build.0 = Release|Any CPU
	EndGlobalSection
	GlobalSection(SolutionProperties) = preSolution
		HideSolutionNode = FALSE
	EndGlobalSection
	GlobalSection(ExtensibilityGlobals) = postSolution
		SolutionGuid = {5F61D02A-64DE-4F3F-80AA-B3214B2E2D93}
	EndGlobalSection
EndGlobal
